{
  "name": "consultoria",
  "version": "1.0.0",
  "lockfileVersion": 2,
  "requires": true,
  "packages": {
    "": {
      "name": "consultoria",
      "version": "1.0.0",
      "license": "ISC",
      "dependencies": {
        "font-awesome": "^4.7.0",
        "jquery": "^3.6.0",
        "morris.js": "^0.5.0",
        "raphael": "^2.3.0"
      }
    },
    "node_modules/eve-raphael": {
      "version": "0.5.0",
      "resolved": "https://registry.npmjs.org/eve-raphael/-/eve-raphael-0.5.0.tgz",
      "integrity": "sha1-F8dUt5K+7z+maE15z1pHxjxM2jA="
    },
    "node_modules/font-awesome": {
      "version": "4.7.0",
      "resolved": "https://registry.npmjs.org/font-awesome/-/font-awesome-4.7.0.tgz",
      "integrity": "sha1-j6jPBBGhoxr9B7BtKQK7n8gVoTM=",
      "engines": {
        "node": ">=0.10.3"
      }
    },
    "node_modules/jquery": {
      "version": "3.6.0",
      "resolved": "https://registry.npmjs.org/jquery/-/jquery-3.6.0.tgz",
      "integrity": "sha512-JVzAR/AjBvVt2BmYhxRCSYysDsPcssdmTFnzyLEts9qNwmjmu4JTAMYubEfwVOSwpQ1I1sKKFcxhZCI2buerfw=="
    },
    "node_modules/morris.js": {
      "version": "0.5.0",
      "resolved": "https://registry.npmjs.org/morris.js/-/morris.js-0.5.0.tgz",
      "integrity": "sha1-cldnE1z64Fmq51mZuyzmocXRtEs=",
      "engines": {
        "node": ">=0.8 <0.11"
      }
    },
    "node_modules/raphael": {
      "version": "2.3.0",
      "resolved": "https://registry.npmjs.org/raphael/-/raphael-2.3.0.tgz",
      "integrity": "sha512-w2yIenZAQnp257XUWGni4bLMVxpUpcIl7qgxEgDIXtmSypYtlNxfXWpOBxs7LBTps5sDwhRnrToJrMUrivqNTQ==",
      "dependencies": {
        "eve-raphael": "0.5.0"
      }
    }
  },
  "dependencies": {
    "eve-raphael": {
      "version": "0.5.0",
      "resolved": "https://registry.npmjs.org/eve-raphael/-/eve-raphael-0.5.0.tgz",
      "integrity": "sha1-F8dUt5K+7z+maE15z1pHxjxM2jA="
    },
    "font-awesome": {
      "version": "4.7.0",
      "resolved": "https://registry.npmjs.org/font-awesome/-/font-awesome-4.7.0.tgz",
      "integrity": "sha1-j6jPBBGhoxr9B7BtKQK7n8gVoTM="
    },
    "jquery": {
      "version": "3.6.0",
      "resolved": "https://registry.npmjs.org/jquery/-/jquery-3.6.0.tgz",
      "integrity": "sha512-JVzAR/AjBvVt2BmYhxRCSYysDsPcssdmTFnzyLEts9qNwmjmu4JTAMYubEfwVOSwpQ1I1sKKFcxhZCI2buerfw=="
    },
    "morris.js": {
      "version": "0.5.0",
      "resolved": "https://registry.npmjs.org/morris.js/-/morris.js-0.5.0.tgz",
      "integrity": "sha1-cldnE1z64Fmq51mZuyzmocXRtEs="
    },
    "raphael": {
      "version": "2.3.0",
      "resolved": "https://registry.npmjs.org/raphael/-/raphael-2.3.0.tgz",
      "integrity": "sha512-w2yIenZAQnp257XUWGni4bLMVxpUpcIl7qgxEgDIXtmSypYtlNxfXWpOBxs7LBTps5sDwhRnrToJrMUrivqNTQ==",
      "requires": {
        "eve-raphael": "0.5.0"
      }
    }
  }
}
